
Microsoft Visual Studio Solution File, Format Version 12.00
# Visual Studio Version 17
VisualStudioVersion = 17.7.34024.191
MinimumVisualStudioVersion = 10.0.40219.1
Project("{FAE04EC0-301F-11D3-BF4B-00C04F79EFBC}") = "ASPClicker", "ASPClicker.csproj", "{C29B0F0B-CA9C-4E0E-8F1C-65BACA7A9871}"
EndProject
Global
	GlobalSection(SolutionConfigurationPlatforms) = preSolution
		Debug|Any CPU = Debug|Any CPU
		Release|Any CPU = Release|Any CPU
	EndGlobalSection
	GlobalSection(ProjectConfigurationPlatforms) = postSolution
		{C29B0F0B-CA9C-4E0E-8F1C-65BACA7A9871}.Debug|Any CPU.ActiveCfg = Debug|Any CPU
		{C29B0F0B-CA9C-4E0E-8F1C-65BACA7A9871}.Debug|Any CPU.Build.0 = Debug|Any CPU
		{C29B0F0B-CA9C-4E0E-8F1C-65BACA7A9871}.Release|Any CPU.ActiveCfg = Release|Any CPU
		{C29B0F0B-CA9C-4E0E-8F1C-65BACA7A9871}.Release|Any CPU.Build.0 = Release|Any CPU
	EndGlobalSection
	GlobalSection(SolutionProperties) = preSolution
		HideSolutionNode = FALSE
	EndGlobalSection
	GlobalSection(ExtensibilityGlobals) = postSolution
		SolutionGuid = {AE020CE3-1A33-4A9A-8444-28444E36979B}
	EndGlobalSection
EndGlobal
